{
  "name": "ajsnode",
  "version": "1.0.0",
  "lockfileVersion": 3,
  "requires": true,
  "packages": {
    "": {
      "name": "ajsnode",
      "version": "1.0.0",
      "license": "ISC",
      "dependencies": {
        "@doroshenko23/ajs": "^1.0.0"
      }
    },
    "node_modules/@doroshenko23/ajs": {
      "version": "1.0.0",
      "resolved": "https://npm.pkg.github.com/download/@doroshenko23/ajs/1.0.0/60147ad1f051b46f9b96855d3c760fd4d56a0374",
      "integrity": "sha512-/jcQFaRTUeo7CDVJUvhid8EWw+E3+U+9bkakLnQPhHeZiwanTgPtnk2ZkwjH356cmS4AUP9vguvyZJsdghy5hA==",
      "license": "ISC"
    }
  }
}
